[renv]
Version=0.5.0-132

[R]
Version=3.6.0
Repositories=
	CRAN=https://cloud.r-project.org

[R/Package/BH]
Package=BH
Version=1.69.0-1
Source=CRAN
Hash=0fde015f5153e51df44981da0767f522

[R/Package/DBI]
Package=DBI
Version=1.0.0
Source=CRAN
Hash=2b2b6ea2111e1e57e192765d5013a3c5

[R/Package/ISOcodes]
Package=ISOcodes
Version=2019.04.22
Source=CRAN
Hash=fdf96e1295ae8fb88c3e238f01195138

[R/Package/KernSmooth]
Package=KernSmooth
Version=2.23-15
Source=CRAN
Hash=1abaf80e4ce51c982446637b6cf236bb

[R/Package/MASS]
Package=MASS
Version=7.3-51.1
Source=CRAN
Hash=fc6c7c0937316e0fe109826974d25c0b

[R/Package/Matrix]
Package=Matrix
Version=1.2-17
Source=CRAN
Hash=a60009c832f495604f54399f21d89cc8

[R/Package/ModelMetrics]
Package=ModelMetrics
Version=1.2.2
Source=CRAN
Hash=6caef62a86ed8b6e92b36bba70f0c000

[R/Package/NLP]
Package=NLP
Version=0.2-0
Source=CRAN
Hash=00836d8b4c28bfa175ff517e0d6b397f

[R/Package/R6]
Package=R6
Version=2.4.0
Source=CRAN
Hash=92b50d943a7c76c67918c1e1beb68627

[R/Package/RColorBrewer]
Package=RColorBrewer
Version=1.1-2
Source=CRAN
Hash=f8a3bcc800d613797f1dfdf8ef4f0bfc

[R/Package/RCurl]
Package=RCurl
Version=1.95-4.12
Source=CRAN
Hash=da83dfabbb92098a20dada46869921a3

[R/Package/ROI]
Package=ROI
Version=0.3-2
Source=CRAN
Hash=8e77c85b07fbb2b6538926c3c9472348

[R/Package/ROI.plugin.clp]
Package=ROI.plugin.clp
Version=0.4
Source=CRAN
Hash=79ef46bf4de7038163c4b640d92a6673

[R/Package/ROI.plugin.symphony]
Package=ROI.plugin.symphony
Version=0.2-5
Source=CRAN
Hash=45cd0ccb9756ec791729f74c14a78acc

[R/Package/RPostgreSQL]
Package=RPostgreSQL
Version=0.6-2
Source=CRAN
Hash=8c97787c6afc7ba0062547a0f7777592

[R/Package/Rcpp]
Package=Rcpp
Version=1.0.1
Source=CRAN
Hash=94bf4b635dd6abac1765cff90ba98235

[R/Package/RcppRoll]
Package=RcppRoll
Version=0.3.0
Source=CRAN
Hash=2f4288aac396712ebeec16ff660a42a9

[R/Package/Rsymphony]
Package=Rsymphony
Version=0.1-28
Source=CRAN
Hash=4fda336759472fe3ad78faf1e7407a69

[R/Package/Rtsne]
Package=Rtsne
Version=0.15
Source=CRAN
Hash=1e793b9ae79c8c4fd548de7ffa935164

[R/Package/SQUAREM]
Package=SQUAREM
Version=2017.10-1
Source=CRAN
Hash=1cba0608850e00c650653d156bb497fe

[R/Package/SnowballC]
Package=SnowballC
Version=0.6.0
Source=CRAN
Hash=7a32ba207b6136d14d404cac0274eb3b

[R/Package/XML]
Package=XML
Version=3.98-1.19
Source=CRAN
Hash=c9661f7e60985f88508df715d811ddaa

[R/Package/askpass]
Package=askpass
Version=1.1
Source=CRAN
Hash=46678e19f261db289be40292d8e5d5bf

[R/Package/assertthat]
Package=assertthat
Version=0.2.1
Source=CRAN
Hash=19fb3d0ad048b4eb1a05cacffbae1f66

[R/Package/backports]
Package=backports
Version=1.1.4
Source=CRAN
Hash=2a78bf0825e0088e117520553ceb7fa5

[R/Package/base64enc]
Package=base64enc
Version=0.1-3
Source=CRAN
Hash=d355963b4b1c3039bfe8d65611a11cca

[R/Package/base64url]
Package=base64url
Version=1.4
Source=CRAN
Hash=205ca9cc59dc1fff1a7ba55fee9dad57

[R/Package/bitops]
Package=bitops
Version=1.0-6
Source=CRAN
Hash=62408262624d9f8e436f51ca901424e2

[R/Package/brew]
Package=brew
Version=1.0-6
Source=CRAN
Hash=190fd31e9253446523a8ee4642229516

[R/Package/broom]
Package=broom
Version=0.5.2
Source=CRAN
Hash=a6cfb50e5172a20815db00739aab4e78

[R/Package/callr]
Package=callr
Version=3.2.0
Source=CRAN
Hash=f1e3e635828bc08b88fc70a722800df5

[R/Package/caret]
Package=caret
Version=6.0-84
Source=CRAN
Hash=61b216b6f492ef3a0041e7f7e5e622f0

[R/Package/cellranger]
Package=cellranger
Version=1.1.0
Source=CRAN
Hash=2cd2a065192f3ba08a919d8800dba7e0

[R/Package/chron]
Package=chron
Version=2.3-53
Source=CRAN
Hash=3e812b8b19c72d47e0f875475844bd03

[R/Package/class]
Package=class
Version=7.3-15
Source=CRAN
Hash=4878ea322bdd292b96affa71fd4332bd

[R/Package/cli]
Package=cli
Version=1.1.0
Source=CRAN
Hash=9b3dc7798f53ba3050b41ce4a3febdc5

[R/Package/clipr]
Package=clipr
Version=0.6.0
Source=CRAN
Hash=1b4c6b49dca948d2f95a741ae8f52edd

[R/Package/clisymbols]
Package=clisymbols
Version=1.2.0
Source=CRAN
Hash=ce91c46caba29e30c44cfd87659bf8a4

[R/Package/clpAPI]
Package=clpAPI
Version=1.2.11
Source=CRAN
Hash=34d6f3594b7fb3ce9adef66645cb777c

[R/Package/cluster]
Package=cluster
Version=2.0.9
Source=CRAN
Hash=5b9b2fad1051038c518138246ea5ecf7

[R/Package/codetools]
Package=codetools
Version=0.2-16
Source=CRAN
Hash=3bf2a0853d7faf7f865d0b877946e452

[R/Package/colorspace]
Package=colorspace
Version=1.4-1
Source=CRAN
Hash=c25d49739abb6ebf4b3d0c3565574226

[R/Package/commonmark]
Package=commonmark
Version=1.7
Source=CRAN
Hash=af7f698e0328e0474f794452177deca6

[R/Package/crayon]
Package=crayon
Version=1.3.4
Source=CRAN
Hash=d308ead32010b8e4d76c4690427da50b

[R/Package/crosstalk]
Package=crosstalk
Version=1.0.0
Source=CRAN
Hash=2bc962d85f29df259cc1a6930727ce87

[R/Package/curl]
Package=curl
Version=3.3
Source=CRAN
Hash=208293ffee1d8d6988ec5bcbf7bed49e

[R/Package/data.table]
Package=data.table
Version=1.12.2
Source=CRAN
Hash=f2f76b5c5394350c4d4ee77dab51d35c

[R/Package/desc]
Package=desc
Version=1.2.0
Source=CRAN
Hash=0119aa659b9c1db195b4bd7c617d18c0

[R/Package/devtools]
Package=devtools
Version=2.1.0
Source=CRAN
Hash=30e711b77a5bfa480161015ead405a0d

[R/Package/diffr]
Package=diffr
Version=0.1
Source=CRAN
Hash=2a68d6a4e9a820571460656275edb13a

[R/Package/digest]
Package=digest
Version=0.6.19
Source=CRAN
Hash=2e0bb891e01c4e3f1132304cf5dd4aaa

[R/Package/doFuture]
Package=doFuture
Version=0.8.0
Source=CRAN
Hash=021c55d0ee7eab7c913a2e94da17fed8

[R/Package/doSNOW]
Package=doSNOW
Version=1.0.16
Source=CRAN
Hash=dd5d891fa891966eb9f88a7fedd9f56b

[R/Package/dplyr]
Package=dplyr
Version=0.8.3
Source=CRAN
Hash=17783831e1e918ab250dcae5dd9c6e03

[R/Package/drake]
Package=drake
Version=7.5.2
Source=CRAN
Hash=86f685ce45451801ee1c2a17c880eb34

[R/Package/e1071]
Package=e1071
Version=1.7-1
Source=CRAN
Hash=fb1515c443e8ed9337e043dcfe45b590

[R/Package/fansi]
Package=fansi
Version=0.4.0
Source=CRAN
Hash=cd87b0162287f0da225edfaa2fd3a20c

[R/Package/feather]
Package=feather
Version=0.3.3
Source=CRAN
Hash=33df40b9417ea77af76973bb2ea92164

[R/Package/filelock]
Package=filelock
Version=1.0.2
Source=CRAN
Hash=784db550445dfa0f28cacd1e07fed4c8

[R/Package/foreach]
Package=foreach
Version=1.4.4
Source=CRAN
Hash=184227ddd1a35522bf38653b07db22dd

[R/Package/forge]
Package=forge
Version=0.2.0
Source=CRAN
Hash=4fb23fff0bcaeb9461cc7c988c55631b

[R/Package/fs]
Package=fs
Version=1.3.1
Source=CRAN
Hash=dba7e43c4103d978cb7c95b97987cc68

[R/Package/fst]
Package=fst
Version=0.9.0
Source=CRAN
Hash=903ec1881f12fffaa268eb9b405747f6

[R/Package/future]
Package=future
Version=1.14.0
Source=CRAN
Hash=2dd37a87b16d7ae973505d636d36d22c

[R/Package/future.callr]
Package=future.callr
Version=0.4.0
Source=CRAN
Hash=6ac9832c773033a2bac774a652d61431

[R/Package/gdata]
Package=gdata
Version=2.18.0
Source=CRAN
Hash=712e6a703c385e5c9134d13346490b85

[R/Package/gender]
Package=gender
Version=0.5.2
Source=CRAN
Hash=1ce3f0f31c85e450d37edbfee716efb5

[R/Package/generics]
Package=generics
Version=0.0.2
Source=CRAN
Hash=4e8e453aff36dd8ddac10ff157083e4f

[R/Package/ggplot2]
Package=ggplot2
Version=3.1.1
Source=CRAN
Hash=9b799ccb416b3169d36b933b283b9cc0

[R/Package/gh]
Package=gh
Version=1.0.1
Source=CRAN
Hash=3fc5d4d6893bd1598318a35def5e9d23

[R/Package/git2r]
Package=git2r
Version=0.25.2
Source=CRAN
Hash=1abf4306c489a2f233fd559ed5cdea21

[R/Package/glmnet]
Package=glmnet
Version=2.0-18
Source=CRAN
Hash=bb34a3530101e64a6cdb0ec36a435f9c

[R/Package/globals]
Package=globals
Version=0.12.4
Source=CRAN
Hash=cf9ddd6b6fce90974d5bd9b5f80d08b0

[R/Package/glue]
Package=glue
Version=1.3.1
Source=CRAN
Hash=e8436e647719b7c9d01409767cd88cc8

[R/Package/gower]
Package=gower
Version=0.2.0
Source=CRAN
Hash=b05bc87a5b3c614b8e1c362569b4525b

[R/Package/gridExtra]
Package=gridExtra
Version=2.3
Source=CRAN
Hash=4626f6a59a3b1095e7bdc7bd02a3107f

[R/Package/gtable]
Package=gtable
Version=0.3.0
Source=CRAN
Hash=6a58b2980a57345822ec5f9c7d2d1751

[R/Package/gtools]
Package=gtools
Version=3.8.1
Source=CRAN
Hash=a1f1f79c481c077e9dba0fdaac442372

[R/Package/h2o]
Package=h2o
Version=3.22.1.1
Source=CRAN
Hash=2e2b9e06b2e673aa958d764aa97d1b3c

[R/Package/here]
Package=here
Version=0.1
Source=CRAN
Hash=17102304d55b3242d6199cddc0fd79f7

[R/Package/hexbin]
Package=hexbin
Version=1.27.2
Source=CRAN
Hash=d9cf4ab8e15042400a117fa946352674

[R/Package/hms]
Package=hms
Version=0.4.2
Source=CRAN
Hash=027298fb177899be8299a815a8d5495d

[R/Package/htmltools]
Package=htmltools
Version=0.3.6
Source=CRAN
Hash=5132526e7fb28a2c20d1ef443d5c4644

[R/Package/htmlwidgets]
Package=htmlwidgets
Version=1.3
Source=CRAN
Hash=8aa0ed21f14fc9645367e8bc305415f5

[R/Package/httpuv]
Package=httpuv
Version=1.5.1
Source=CRAN
Hash=3e4206eb62d89401a2a990eba9b3ecac

[R/Package/httr]
Package=httr
Version=1.4.0
Source=CRAN
Hash=4a241c31afac61ea4a8a672aa5b0b098

[R/Package/hunspell]
Package=hunspell
Version=3.0
Source=CRAN
Hash=4ff88843e730bf68cfac63479fc63ec3

[R/Package/igraph]
Package=igraph
Version=1.2.4.1
Source=CRAN
Hash=6eb7a604bc33c66dac0611b7ce75ac69

[R/Package/ini]
Package=ini
Version=0.3.1
Source=CRAN
Hash=4a15d8cfc931554fb2e71d66c1313b45

[R/Package/ipred]
Package=ipred
Version=0.9-9
Source=CRAN
Hash=aaa4f1418c71e1842f64ed7a3d8c8f6f

[R/Package/iterators]
Package=iterators
Version=1.0.10
Source=CRAN
Hash=9f02395f9b81756ad69b8ecf20e3d9dd

[R/Package/janeaustenr]
Package=janeaustenr
Version=0.1.5
Source=CRAN
Hash=3d4cf2df157505e6ae9154e28a33310a

[R/Package/jsonlite]
Package=jsonlite
Version=1.6
Source=CRAN
Hash=b7e67b6a7bc2fdae729c0f3ff9026a8a

[R/Package/labeling]
Package=labeling
Version=0.3
Source=CRAN
Hash=e1f613894f080d1eee41c34b281a2184

[R/Package/later]
Package=later
Version=0.8.0
Source=CRAN
Hash=4d5b806a328e0da75f0f0d4653676552

[R/Package/lattice]
Package=lattice
Version=0.20-38
Source=CRAN
Hash=6f7aa123115b33bc9ad1ca800874b1de

[R/Package/lava]
Package=lava
Version=1.6.5
Source=CRAN
Hash=806150f01de7274c6ce698538408139b

[R/Package/lazyeval]
Package=lazyeval
Version=0.2.2
Source=CRAN
Hash=d2f5e98b8b7ae633e252830c3243c2ab

[R/Package/listenv]
Package=listenv
Version=0.7.0
Source=CRAN
Hash=7cdee13e292d057fce33553ea7eebbd7

[R/Package/lubridate]
Package=lubridate
Version=1.7.4
Source=CRAN
Hash=d55fdb3732a8f047e49b86064dd78984

[R/Package/magrittr]
Package=magrittr
Version=1.5
Source=CRAN
Hash=dee1d97cffddfd3ed969e224bd0826d0

[R/Package/memoise]
Package=memoise
Version=1.1.0
Source=CRAN
Hash=22ca9b285c10f5dd8c4d1e90231ce558

[R/Package/mgcv]
Package=mgcv
Version=1.8-28
Source=CRAN
Hash=6ac256e4fdcf33c11f9ed987927cc614

[R/Package/mime]
Package=mime
Version=0.6
Source=CRAN
Hash=80ae456badc246e62ce407667129a9fb

[R/Package/mlflow]
Package=mlflow
Version=1.0.0
Source=url
RemoteType=url
RemoteUrl=https://mlflow-snapshots.s3-us-west-2.amazonaws.com/r-mlflow-1.0.0-1199-8386d25.tar.gz
Hash=c08daddf590a2fd7b332833d3e35e4ac

[R/Package/munsell]
Package=munsell
Version=0.5.0
Source=CRAN
Hash=9111af6c6dec65538ebd3de6c0bae864

[R/Package/nlme]
Package=nlme
Version=3.1-139
Source=CRAN
Hash=f37a1edfe478a9226eb53b918c9dd40a

[R/Package/nnet]
Package=nnet
Version=7.3-12
Source=CRAN
Hash=2a92e339b2aeab90147147e2cf7c8310

[R/Package/numDeriv]
Package=numDeriv
Version=2016.8-1
Source=CRAN
Hash=eccb0f0490f2e260f3cc5e6d225c6246

[R/Package/openNLP]
Package=openNLP
Version=0.2-6
Source=CRAN
Hash=e58bb6ec2ba7f4a8bbd2adba39f49e50

[R/Package/openNLPdata]
Package=openNLPdata
Version=1.5.3-4
Source=CRAN
Hash=36a7bdc1ce2d34c589080d546f543fb7

[R/Package/openssl]
Package=openssl
Version=1.3
Source=CRAN
Hash=7c846fcab4f62067419ebf755d348753

[R/Package/pROC]
Package=pROC
Version=1.14.0
Source=CRAN
Hash=141dcef2d99ab8b4c3c100bc2d5dd6d0

[R/Package/packrat]
Package=packrat
Version=0.5.0
Source=CRAN
Hash=aa1fbebb6ca276f933b9f77da6d02ef3

[R/Package/pillar]
Package=pillar
Version=1.4.1
Source=CRAN
Hash=d72f94f538fbefc19f0c212a7117da00

[R/Package/pkgbuild]
Package=pkgbuild
Version=1.0.3
Source=CRAN
Hash=1e8100d85ef7b9cddded115d62d7365a

[R/Package/pkgconfig]
Package=pkgconfig
Version=2.0.2
Source=CRAN
Hash=2dd2d8867e4f0173ea2ce029d630a086

[R/Package/pkgload]
Package=pkgload
Version=1.0.2
Source=CRAN
Hash=f214a72af3442fdd3396ceccbb7d7f44

[R/Package/plogr]
Package=plogr
Version=0.2.0
Source=CRAN
Hash=1a8304cc1382ef64e3b710ba589d7bc0

[R/Package/plotly]
Package=plotly
Version=4.9.0
Source=CRAN
Hash=d4f8ca9fa024657598c3698df2e12cfb

[R/Package/plotrix]
Package=plotrix
Version=3.7-5
Source=CRAN
Hash=39e43c9955e0a1f89b728758d62dc087

[R/Package/plyr]
Package=plyr
Version=1.8.4
Source=CRAN
Hash=37dd0f3aadee2ac99e47168f4bffddb7

[R/Package/praise]
Package=praise
Version=1.0.0
Source=CRAN
Hash=3940f2f321d5fa9fb72b8887b0454660

[R/Package/prettyunits]
Package=prettyunits
Version=1.0.2
Source=CRAN
Hash=33ce93b23647e85c127f8e1bb08604fc

[R/Package/processx]
Package=processx
Version=3.3.1
Source=CRAN
Hash=6cb4a4d0e13190ea58a2ed9e39adf967

[R/Package/prodlim]
Package=prodlim
Version=2018.04.18
Source=CRAN
Hash=99d22953eebaae95af8de37f5594b862

[R/Package/progress]
Package=progress
Version=1.2.0
Source=CRAN
Hash=f462b2404c3bc6d876fb47f74bb8c0e2

[R/Package/promises]
Package=promises
Version=1.0.1
Source=CRAN
Hash=f80d162b7cef7e36a0134d1f1084e36d

[R/Package/pryr]
Package=pryr
Version=0.1.4
Source=CRAN
Hash=72c7a6b374c672148bd89a73a55f54ff

[R/Package/ps]
Package=ps
Version=1.3.0
Source=CRAN
Hash=a38f3fd447d1595a3da538910054b911

[R/Package/ptstem]
Package=ptstem
Version=0.0.4
Source=CRAN
Hash=6ce782dc94ce359cff9363a17747ecbb

[R/Package/purrr]
Package=purrr
Version=0.3.2
Source=CRAN
Hash=c360ab7eabd6e38a83f2475eb97c6344

[R/Package/qdap]
Package=qdap
Version=2.3.2
Source=CRAN
Hash=f3d770958488895ae9136e548bb81ead

[R/Package/qdapDictionaries]
Package=qdapDictionaries
Version=1.0.7
Source=CRAN
Hash=eb1c3c378e0e2b89747286ac061aa180

[R/Package/qdapRegex]
Package=qdapRegex
Version=0.7.2
Source=CRAN
Hash=f45b802383c9649c381ba673365d2d34

[R/Package/qdapTools]
Package=qdapTools
Version=1.3.3
Source=CRAN
Hash=e56781be7ee2b27aeeac399868fb6dcb

[R/Package/rJava]
Package=rJava
Version=0.9-11
Source=CRAN
Hash=4b95199d95a7ca8f00e2efdc3b5f2726

[R/Package/randomForest]
Package=randomForest
Version=4.6-14
Source=CRAN
Hash=b875652edb88cd66493a26779ee96b65

[R/Package/rcmdcheck]
Package=rcmdcheck
Version=1.3.3
Source=CRAN
Hash=577b91be8aea851ea27aad3585adef05

[R/Package/readr]
Package=readr
Version=1.3.1
Source=CRAN
Hash=60167b7ec3de99e76ff406aaf0f83bb4

[R/Package/readxl]
Package=readxl
Version=1.3.1
Source=CRAN
Hash=8a8b4695e87c90cc9423eb8994e76819

[R/Package/recipes]
Package=recipes
Version=0.1.5
Source=CRAN
Hash=4cb6a98cd3976f05a5c1329b8c9180d8

[R/Package/registry]
Package=registry
Version=0.5-1
Source=CRAN
Hash=fab3ab2c1019e088479354e3a92cc4eb

[R/Package/rematch]
Package=rematch
Version=1.0.1
Source=CRAN
Hash=d3d55a556f7f2e74f449d6a53b8abf8e

[R/Package/remotes]
Package=remotes
Version=2.1.0
Source=CRAN
Hash=830aa73278dce9beba583bfe57a5c015

[R/Package/reports]
Package=reports
Version=0.1.4
Source=CRAN
Hash=a7a505abf823fb9b776c180d19993a8b

[R/Package/reshape2]
Package=reshape2
Version=1.4.3
Source=CRAN
Hash=ac685130d1a25e3f6470960fd29c5693

[R/Package/reticulate]
Package=reticulate
Version=1.12
Source=CRAN
Hash=55bd95ffc63a575942ba5678a82a585f

[R/Package/rlang]
Package=rlang
Version=0.4.0
Source=CRAN
Hash=8f1bf3a54c8844dc254baabba61cb6a9

[R/Package/roxygen2]
Package=roxygen2
Version=6.1.1
Source=CRAN
Hash=5c44ac973ec9b56efd7990e4b4464699

[R/Package/rpart]
Package=rpart
Version=4.1-15
Source=CRAN
Hash=0d0e7f0e3c22944bb9bf67d0d5636e50

[R/Package/rprojroot]
Package=rprojroot
Version=1.3-2
Source=CRAN
Hash=5382761b8b318da6dd3fb0f6dae3c43a

[R/Package/rslp]
Package=rslp
Version=0.1.0
Source=CRAN
Hash=1c3650c3359908233445e8c37ee81d82

[R/Package/rstudioapi]
Package=rstudioapi
Version=0.10
Source=CRAN
Hash=04552808fd065fdf0fec7bad340eb83c

[R/Package/rvest]
Package=rvest
Version=0.3.4
Source=CRAN
Hash=76bb112bc3833454dc701230aa9cb3ed

[R/Package/scales]
Package=scales
Version=1.0.0
Source=CRAN
Hash=a96e9571cd875b7b934990d85b7a3c18

[R/Package/selectr]
Package=selectr
Version=0.4-1
Source=CRAN
Hash=40ccee5dc2b97e197648525aefcfd0ba

[R/Package/sessioninfo]
Package=sessioninfo
Version=1.1.1
Source=CRAN
Hash=017efbc7877606b886a2fb3d01c0bbda

[R/Package/shiny]
Package=shiny
Version=1.3.2
Source=CRAN
Hash=3f96ad878877e005bcf6093c5c7efd9e

[R/Package/slam]
Package=slam
Version=0.1-45
Source=CRAN
Hash=d3eea4dc2c09731ecf595710a5100124

[R/Package/snow]
Package=snow
Version=0.4-3
Source=CRAN
Hash=7165293dfb527aae9a72e80d5f31ac81

[R/Package/sourcetools]
Package=sourcetools
Version=0.1.7
Source=CRAN
Hash=fc68fa34b8576eaa5a845a46ad75e214

[R/Package/stopwords]
Package=stopwords
Version=0.9.0
Source=CRAN
Hash=5dcc22fb5b1753de45db1449621aa2d8

[R/Package/storr]
Package=storr
Version=1.2.1
Source=CRAN
Hash=3bd64ff7d32ab39360094aa228a3197b

[R/Package/stringdist]
Package=stringdist
Version=0.9.5.1
Source=CRAN
Hash=3aad97459271f4c313377b458888b94f

[R/Package/stringi]
Package=stringi
Version=1.4.3
Source=CRAN
Hash=113506f116db9dd5bd1caf46884e0647

[R/Package/stringr]
Package=stringr
Version=1.4.0
Source=CRAN
Hash=41d6310ad18bd019a203d7adc496a28b

[R/Package/survival]
Package=survival
Version=2.43-3
Source=CRAN
Hash=5beae997b1049d108c48bfa218c527da

[R/Package/swagger]
Package=swagger
Version=3.9.2
Source=CRAN
Hash=41a49c915b55b564d2e2bdf647b5879f

[R/Package/sys]
Package=sys
Version=3.2
Source=CRAN
Hash=272daf1b3ba287a42d02e33c89870eae

[R/Package/testthat]
Package=testthat
Version=2.1.1
Source=CRAN
Hash=6cdac1c005c81c36a89ba90835726f3f

[R/Package/tibble]
Package=tibble
Version=2.1.2
Source=CRAN
Hash=b650787b97abb41a14df225171d20158

[R/Package/tidyr]
Package=tidyr
Version=0.8.3
Source=CRAN
Hash=51442fddca0f783dce03baffbe5b790b

[R/Package/tidyselect]
Package=tidyselect
Version=0.2.5
Source=CRAN
Hash=dc3fcbc21f04b293e0794e24982cf357

[R/Package/tidytext]
Package=tidytext
Version=0.2.1
Source=CRAN
Hash=1ea53b82a12c251714e4cdbf27578043

[R/Package/timeDate]
Package=timeDate
Version=3043.102
Source=CRAN
Hash=93f260c47c35e25620bb2af4ed8ed17e

[R/Package/tm]
Package=tm
Version=0.7-6
Source=CRAN
Hash=ad060361ffcb2a33460b15b1c1e0056b

[R/Package/tokenizers]
Package=tokenizers
Version=0.2.1
Source=CRAN
Hash=8e96ff7d0ebf73a4def9b626704df1cd

[R/Package/txtq]
Package=txtq
Version=0.1.4
Source=CRAN
Hash=113b75a39e1a58b6f04da6662d0c8510

[R/Package/usethis]
Package=usethis
Version=1.5.0
Source=CRAN
Hash=fb5acd04604da18ce5bc4db926d4037d

[R/Package/utf8]
Package=utf8
Version=1.1.4
Source=CRAN
Hash=3f1a5a5b184f63379f8e6c08d5036c53

[R/Package/vctrs]
Package=vctrs
Version=0.1.0
Source=CRAN
Hash=990e11a7c6454ee32e2821f1a34fac94

[R/Package/venneuler]
Package=venneuler
Version=1.1-0
Source=CRAN
Hash=58f0f6f8b2a7fa612f5c31bd8bf910a5

[R/Package/viridisLite]
Package=viridisLite
Version=0.3.0
Source=CRAN
Hash=1f264fa42320c4f44b1689d89101e823

[R/Package/visNetwork]
Package=visNetwork
Version=2.0.7
Source=CRAN
Hash=72bfc95f92a126211b42d99581747db1

[R/Package/whisker]
Package=whisker
Version=0.3-2
Source=CRAN
Hash=c6d8a035a88c6e3222f0efaac18406f6

[R/Package/withr]
Package=withr
Version=2.1.2
Source=CRAN
Hash=7c9aef08038f47e6c1532ed574a0e087

[R/Package/wordcloud]
Package=wordcloud
Version=2.6
Source=CRAN
Hash=7eb213949d37a42a8c9fb3fe88b31701

[R/Package/xgboost]
Package=xgboost
Version=0.82.1
Source=CRAN
Hash=6823a40e19536763d111f581216091bb

[R/Package/xlsx]
Package=xlsx
Version=0.6.1
Source=CRAN
Hash=801696939faff7e7b446ac63a115a117

[R/Package/xlsxjars]
Package=xlsxjars
Version=0.6.1
Source=CRAN
Hash=f08336fbf36039ecc0a22c405e89a68a

[R/Package/xml2]
Package=xml2
Version=1.2.0
Source=CRAN
Hash=8a9818f279792f697dab45e8c7cdb3a8

[R/Package/xopen]
Package=xopen
Version=1.0.0
Source=CRAN
Hash=ec32d86b4bcfa2cfa648dc0e1e46e24d

[R/Package/xtable]
Package=xtable
Version=1.8-4
Source=CRAN
Hash=48f60fcc0974ce72870076d48038df2d

[R/Package/yaml]
Package=yaml
Version=2.2.0
Source=CRAN
Hash=3a313c96061c4ac790de611dc57ebd1f

[R/Package/zeallot]
Package=zeallot
Version=0.1.0
Source=CRAN
Hash=45d65588b02d47970fc84adecb2ee664

[R/Package/zoo]
Package=zoo
Version=1.8-5
Source=CRAN
Hash=4aa95818c4ab4da30914eb8dc1a88245

